# THIS IS AN AUTOGENERATED FILE. DO NOT EDIT THIS FILE DIRECTLY.
# yarn lockfile v1


"@types/node@^22.4.0":
  version "22.4.1"
  resolved "https://registry.yarnpkg.com/@types/node/-/node-22.4.1.tgz#9b595d292c65b94c20923159e2ce947731b6fdce"
  integrity sha512-1tbpb9325+gPnKK0dMm+/LMriX0vKxf6RnB0SZUqfyVkQ4fMgUSySqhxE/y8Jvs4NyF1yHzTfG9KlnkIODxPKg==
  dependencies:
    undici-types "~6.19.2"

knockout@^3.5.1:
  version "3.5.1"
  resolved "https://registry.yarnpkg.com/knockout/-/knockout-3.5.1.tgz#62c81e81843bea2008fd23c575edd9ca978e75cf"
  integrity sha512-wRJ9I4az0QcsH7A4v4l0enUpkS++MBx0BnL/68KaLzJg7x1qmbjSlwEoCNol7KTYZ+pmtI7Eh2J0Nu6/2Z5J/Q==

peers-sdk@^0.0.5:
  version "0.0.5"
  resolved "https://registry.yarnpkg.com/peers-sdk/-/peers-sdk-0.0.5.tgz#67eb9d8458244179d8b2c408532a7cdda7df47db"
  integrity sha512-RSG/QgvqSjus66HKBMFH9GIDhTVKVF+KGUWtwEz88ZhsghHkQt/8G2UjXDKJKaQ89qghH8ChS8YJMRP0Hn0R/A==
  dependencies:
    "@types/node" "^22.4.0"
    knockout "^3.5.1"
    typescript "^5.4.5"
    zod "^3.23.8"

typescript@^5.4.5, typescript@^5.5.4:
  version "5.5.4"
  resolved "https://registry.yarnpkg.com/typescript/-/typescript-5.5.4.tgz#d9852d6c82bad2d2eda4fd74a5762a8f5909e9ba"
  integrity sha512-Mtq29sKDAEYP7aljRgtPOpTvOfbwRWlS6dPRzwjdE+C0R4brX/GUyhHSecbHMFLNBLcJIPt9nl9yG5TZ1weH+Q==

undici-types@~6.19.2:
  version "6.19.6"
  resolved "https://registry.yarnpkg.com/undici-types/-/undici-types-6.19.6.tgz#e218c3df0987f4c0e0008ca00d6b6472d9b89b36"
  integrity sha512-e/vggGopEfTKSvj4ihnOLTsqhrKRN3LeO6qSN/GxohhuRv8qH9bNQ4B8W7e/vFL+0XTnmHPB4/kegunZGA4Org==

zod@^3.23.8:
  version "3.23.8"
  resolved "https://registry.yarnpkg.com/zod/-/zod-3.23.8.tgz#e37b957b5d52079769fb8097099b592f0ef4067d"
  integrity sha512-XBx9AXhXktjUqnepgTiE5flcKIYWi/rme0Eaj+5Y0lftuGBq+jyRu/md4WnuxqgP1ubdpNCsYEYPxrzVHD8d6g==
